
Microsoft Visual Studio Solution File, Format Version 12.00
# Visual Studio Version 16
VisualStudioVersion = 16.0.29509.3
MinimumVisualStudioVersion = 10.0.40219.1
Project("{FAE04EC0-301F-11D3-BF4B-00C04F79EFBC}") = "HotReloadConfig.Android", "HotReloadConfig\HotReloadConfig.Android\HotReloadConfig.Android.csproj", "{0B1B1509-4A86-4FEA-8B1A-0D94227FAFE6}"
EndProject
Project("{FAE04EC0-301F-11D3-BF4B-00C04F79EFBC}") = "HotReloadConfig.iOS", "HotReloadConfig\HotReloadConfig.iOS\HotReloadConfig.iOS.csproj", "{1ED86DE1-2E6D-4452-8652-C612F5B6BF4A}"
EndProject
Project("{FAE04EC0-301F-11D3-BF4B-00C04F79EFBC}") = "HotReloadConfig", "HotReloadConfig\HotReloadConfig\HotReloadConfig.csproj", "{E4CAAED6-B213-485A-AB5C-A1564E8FB50D}"
EndProject
Global
	GlobalSection(SolutionConfigurationPlatforms) = preSolution
		Debug|Any CPU = Debug|Any CPU
		Debug|iPhone = Debug|iPhone
		Debug|iPhoneSimulator = Debug|iPhoneSimulator
		Release|Any CPU = Release|Any CPU
		Release|iPhone = Release|iPhone
		Release|iPhoneSimulator = Release|iPhoneSimulator
	EndGlobalSection
	GlobalSection(ProjectConfigurationPlatforms) = postSolution
		{0B1B1509-4A86-4FEA-8B1A-0D94227FAFE6}.Debug|Any CPU.ActiveCfg = Debug|Any CPU
		{0B1B1509-4A86-4FEA-8B1A-0D94227FAFE6}.Debug|Any CPU.Build.0 = Debug|Any CPU
		{0B1B1509-4A86-4FEA-8B1A-0D94227FAFE6}.Debug|Any CPU.Deploy.0 = Debug|Any CPU
		{0B1B1509-4A86-4FEA-8B1A-0D94227FAFE6}.Debug|iPhone.ActiveCfg = Debug|Any CPU
		{0B1B1509-4A86-4FEA-8B1A-0D94227FAFE6}.Debug|iPhone.Build.0 = Debug|Any CPU
		{0B1B1509-4A86-4FEA-8B1A-0D94227FAFE6}.Debug|iPhone.Deploy.0 = Debug|Any CPU
		{0B1B1509-4A86-4FEA-8B1A-0D94227FAFE6}.Debug|iPhoneSimulator.ActiveCfg = Debug|Any CPU
		{0B1B1509-4A86-4FEA-8B1A-0D94227FAFE6}.Debug|iPhoneSimulator.Build.0 = Debug|Any CPU
		{0B1B1509-4A86-4FEA-8B1A-0D94227FAFE6}.Debug|iPhoneSimulator.Deploy.0 = Debug|Any CPU
		{0B1B1509-4A86-4FEA-8B1A-0D94227FAFE6}.Release|Any CPU.ActiveCfg = Release|Any CPU
		{0B1B1509-4A86-4FEA-8B1A-0D94227FAFE6}.Release|Any CPU.Build.0 = Release|Any CPU
		{0B1B1509-4A86-4FEA-8B1A-0D94227FAFE6}.Release|Any CPU.Deploy.0 = Release|Any CPU
		{0B1B1509-4A86-4FEA-8B1A-0D94227FAFE6}.Release|iPhone.ActiveCfg = Release|Any CPU
		{0B1B1509-4A86-4FEA-8B1A-0D94227FAFE6}.Release|iPhone.Build.0 = Release|Any CPU
		{0B1B1509-4A86-4FEA-8B1A-0D94227FAFE6}.Release|iPhone.Deploy.0 = Release|Any CPU
		{0B1B1509-4A86-4FEA-8B1A-0D94227FAFE6}.Release|iPhoneSimulator.ActiveCfg = Release|Any CPU
		{0B1B1509-4A86-4FEA-8B1A-0D94227FAFE6}.Release|iPhoneSimulator.Build.0 = Release|Any CPU
		{0B1B1509-4A86-4FEA-8B1A-0D94227FAFE6}.Release|iPhoneSimulator.Deploy.0 = Release|Any CPU
		{1ED86DE1-2E6D-4452-8652-C612F5B6BF4A}.Debug|Any CPU.ActiveCfg = Debug|iPhoneSimulator
		{1ED86DE1-2E6D-4452-8652-C612F5B6BF4A}.Debug|Any CPU.Build.0 = Debug|iPhoneSimulator
		{1ED86DE1-2E6D-4452-8652-C612F5B6BF4A}.Debug|Any CPU.Deploy.0 = Debug|iPhoneSimulator
		{1ED86DE1-2E6D-4452-8652-C612F5B6BF4A}.Debug|iPhone.ActiveCfg = Debug|iPhone
		{1ED86DE1-2E6D-4452-8652-C612F5B6BF4A}.Debug|iPhone.Build.0 = Debug|iPhone
		{1ED86DE1-2E6D-4452-8652-C612F5B6BF4A}.Debug|iPhone.Deploy.0 = Debug|iPhone
		{1ED86DE1-2E6D-4452-8652-C612F5B6BF4A}.Debug|iPhoneSimulator.ActiveCfg = Debug|iPhoneSimulator
		{1ED86DE1-2E6D-4452-8652-C612F5B6BF4A}.Debug|iPhoneSimulator.Build.0 = Debug|iPhoneSimulator
		{1ED86DE1-2E6D-4452-8652-C612F5B6BF4A}.Debug|iPhoneSimulator.Deploy.0 = Debug|iPhoneSimulator
		{1ED86DE1-2E6D-4452-8652-C612F5B6BF4A}.Release|Any CPU.ActiveCfg = Release|iPhone
		{1ED86DE1-2E6D-4452-8652-C612F5B6BF4A}.Release|Any CPU.Build.0 = Release|iPhone
		{1ED86DE1-2E6D-4452-8652-C612F5B6BF4A}.Release|Any CPU.Deploy.0 = Release|iPhone
		{1ED86DE1-2E6D-4452-8652-C612F5B6BF4A}.Release|iPhone.ActiveCfg = Release|iPhone
		{1ED86DE1-2E6D-4452-8652-C612F5B6BF4A}.Release|iPhone.Build.0 = Release|iPhone
		{1ED86DE1-2E6D-4452-8652-C612F5B6BF4A}.Release|iPhone.Deploy.0 = Release|iPhone
		{1ED86DE1-2E6D-4452-8652-C612F5B6BF4A}.Release|iPhoneSimulator.ActiveCfg = Release|iPhoneSimulator
		{1ED86DE1-2E6D-4452-8652-C612F5B6BF4A}.Release|iPhoneSimulator.Build.0 = Release|iPhoneSimulator
		{1ED86DE1-2E6D-4452-8652-C612F5B6BF4A}.Release|iPhoneSimulator.Deploy.0 = Release|iPhoneSimulator
		{E4CAAED6-B213-485A-AB5C-A1564E8FB50D}.Debug|Any CPU.ActiveCfg = Debug|Any CPU
		{E4CAAED6-B213-485A-AB5C-A1564E8FB50D}.Debug|Any CPU.Build.0 = Debug|Any CPU
		{E4CAAED6-B213-485A-AB5C-A1564E8FB50D}.Debug|Any CPU.Deploy.0 = Debug|Any CPU
		{E4CAAED6-B213-485A-AB5C-A1564E8FB50D}.Debug|iPhone.ActiveCfg = Debug|Any CPU
		{E4CAAED6-B213-485A-AB5C-A1564E8FB50D}.Debug|iPhone.Build.0 = Debug|Any CPU
		{E4CAAED6-B213-485A-AB5C-A1564E8FB50D}.Debug|iPhone.Deploy.0 = Debug|Any CPU
		{E4CAAED6-B213-485A-AB5C-A1564E8FB50D}.Debug|iPhoneSimulator.ActiveCfg = Debug|Any CPU
		{E4CAAED6-B213-485A-AB5C-A1564E8FB50D}.Debug|iPhoneSimulator.Build.0 = Debug|Any CPU
		{E4CAAED6-B213-485A-AB5C-A1564E8FB50D}.Debug|iPhoneSimulator.Deploy.0 = Debug|Any CPU
		{E4CAAED6-B213-485A-AB5C-A1564E8FB50D}.Release|Any CPU.ActiveCfg = Release|Any CPU
		{E4CAAED6-B213-485A-AB5C-A1564E8FB50D}.Release|Any CPU.Build.0 = Release|Any CPU
		{E4CAAED6-B213-485A-AB5C-A1564E8FB50D}.Release|Any CPU.Deploy.0 = Release|Any CPU
		{E4CAAED6-B213-485A-AB5C-A1564E8FB50D}.Release|iPhone.ActiveCfg = Release|Any CPU
		{E4CAAED6-B213-485A-AB5C-A1564E8FB50D}.Release|iPhone.Build.0 = Release|Any CPU
		{E4CAAED6-B213-485A-AB5C-A1564E8FB50D}.Release|iPhone.Deploy.0 = Release|Any CPU
		{E4CAAED6-B213-485A-AB5C-A1564E8FB50D}.Release|iPhoneSimulator.ActiveCfg = Release|Any CPU
		{E4CAAED6-B213-485A-AB5C-A1564E8FB50D}.Release|iPhoneSimulator.Build.0 = Release|Any CPU
		{E4CAAED6-B213-485A-AB5C-A1564E8FB50D}.Release|iPhoneSimulator.Deploy.0 = Release|Any CPU
	EndGlobalSection
	GlobalSection(SolutionProperties) = preSolution
		HideSolutionNode = FALSE
	EndGlobalSection
	GlobalSection(ExtensibilityGlobals) = postSolution
		SolutionGuid = {2EF17EDC-1AF6-4938-8957-05E9C2AEA83B}
	EndGlobalSection
EndGlobal
